
Microsoft Visual Studio Solution File, Format Version 12.00
# Visual Studio Version 17
VisualStudioVersion = 17.11.35312.102
MinimumVisualStudioVersion = 10.0.40219.1
Project("{8BC9CEB8-8B4A-11D0-8D11-00A0C91BC942}") = "FirstTouchTrainer", "FirstTouchTrainer.vcxproj", "{22DF48BA-4473-4F58-B8F3-F2A9BD18AC80}"
EndProject
Global
	GlobalSection(SolutionConfigurationPlatforms) = preSolution
		Release|x64 = Release|x64
	EndGlobalSection
	GlobalSection(ProjectConfigurationPlatforms) = postSolution
		{22DF48BA-4473-4F58-B8F3-F2A9BD18AC80}.Release|x64.ActiveCfg = Release|x64
		{22DF48BA-4473-4F58-B8F3-F2A9BD18AC80}.Release|x64.Build.0 = Release|x64
	EndGlobalSection
	GlobalSection(SolutionProperties) = preSolution
		HideSolutionNode = FALSE
	EndGlobalSection
	GlobalSection(ExtensibilityGlobals) = postSolution
		SolutionGuid = {7A19D06B-2BD9-447B-B147-7CA6230D137D}
	EndGlobalSection
EndGlobal
